
Microsoft Visual Studio Solution File, Format Version 12.00
# Visual Studio Version 17
VisualStudioVersion = 17.5.33414.496
MinimumVisualStudioVersion = 10.0.40219.1
Project("{FAE04EC0-301F-11D3-BF4B-00C04F79EFBC}") = "TicTacChess", "TicTacChess\TicTacChess.csproj", "{460D99D7-216B-4EFC-AB11-65677D338703}"
EndProject
Global
	GlobalSection(SolutionConfigurationPlatforms) = preSolution
		Debug|Any CPU = Debug|Any CPU
		Release|Any CPU = Release|Any CPU
	EndGlobalSection
	GlobalSection(ProjectConfigurationPlatforms) = postSolution
		{460D99D7-216B-4EFC-AB11-65677D338703}.Debug|Any CPU.ActiveCfg = Debug|Any CPU
		{460D99D7-216B-4EFC-AB11-65677D338703}.Debug|Any CPU.Build.0 = Debug|Any CPU
		{460D99D7-216B-4EFC-AB11-65677D338703}.Release|Any CPU.ActiveCfg = Release|Any CPU
		{460D99D7-216B-4EFC-AB11-65677D338703}.Release|Any CPU.Build.0 = Release|Any CPU
	EndGlobalSection
	GlobalSection(SolutionProperties) = preSolution
		HideSolutionNode = FALSE
	EndGlobalSection
	GlobalSection(ExtensibilityGlobals) = postSolution
		SolutionGuid = {7AA83C48-2E39-4352-A6DA-B06779E4EBC3}
	EndGlobalSection
EndGlobal
